
Microsoft Visual Studio Solution File, Format Version 12.00
# Visual Studio Version 17
VisualStudioVersion = 17.3.32929.385
MinimumVisualStudioVersion = 10.0.40219.1
Project("{FAE04EC0-301F-11D3-BF4B-00C04F79EFBC}") = "Perfumery_Web", "Perfumery_Web.csproj", "{AE73230F-6E2E-4EB8-B3CF-106D481E90E4}"
EndProject
Global
	GlobalSection(SolutionConfigurationPlatforms) = preSolution
		Debug|Any CPU = Debug|Any CPU
		Release|Any CPU = Release|Any CPU
	EndGlobalSection
	GlobalSection(ProjectConfigurationPlatforms) = postSolution
		{AE73230F-6E2E-4EB8-B3CF-106D481E90E4}.Debug|Any CPU.ActiveCfg = Debug|Any CPU
		{AE73230F-6E2E-4EB8-B3CF-106D481E90E4}.Debug|Any CPU.Build.0 = Debug|Any CPU
		{AE73230F-6E2E-4EB8-B3CF-106D481E90E4}.Release|Any CPU.ActiveCfg = Release|Any CPU
		{AE73230F-6E2E-4EB8-B3CF-106D481E90E4}.Release|Any CPU.Build.0 = Release|Any CPU
	EndGlobalSection
	GlobalSection(SolutionProperties) = preSolution
		HideSolutionNode = FALSE
	EndGlobalSection
	GlobalSection(ExtensibilityGlobals) = postSolution
		SolutionGuid = {E0AA7648-D325-4075-BFBF-DD96B90BA175}
	EndGlobalSection
EndGlobal
